
Microsoft Visual Studio Solution File, Format Version 12.00
# Visual Studio Version 16
VisualStudioVersion = 16.0.31424.327
MinimumVisualStudioVersion = 10.0.40219.1
Project("{FAE04EC0-301F-11D3-BF4B-00C04F79EFBC}") = "StreamlineUtilities_net40", "StreamlineUtilities_net40\StreamlineUtilities_net40.csproj", "{BDD4B3B6-C70E-4D12-A654-EE67C8799F7F}"
EndProject
Project("{FAE04EC0-301F-11D3-BF4B-00C04F79EFBC}") = "StreamlineUtilities_net50", "StreamlineUtilities_net50\StreamlineUtilities_net50.csproj", "{C11351DD-23D9-4C43-8770-EED0FC2B07F2}"
EndProject
Global
	GlobalSection(SolutionConfigurationPlatforms) = preSolution
		Debug|Any CPU = Debug|Any CPU
		Release|Any CPU = Release|Any CPU
	EndGlobalSection
	GlobalSection(ProjectConfigurationPlatforms) = postSolution
		{BDD4B3B6-C70E-4D12-A654-EE67C8799F7F}.Debug|Any CPU.ActiveCfg = Debug|Any CPU
		{BDD4B3B6-C70E-4D12-A654-EE67C8799F7F}.Debug|Any CPU.Build.0 = Debug|Any CPU
		{BDD4B3B6-C70E-4D12-A654-EE67C8799F7F}.Release|Any CPU.ActiveCfg = Release|Any CPU
		{BDD4B3B6-C70E-4D12-A654-EE67C8799F7F}.Release|Any CPU.Build.0 = Release|Any CPU
		{C11351DD-23D9-4C43-8770-EED0FC2B07F2}.Debug|Any CPU.ActiveCfg = Debug|Any CPU
		{C11351DD-23D9-4C43-8770-EED0FC2B07F2}.Debug|Any CPU.Build.0 = Debug|Any CPU
		{C11351DD-23D9-4C43-8770-EED0FC2B07F2}.Release|Any CPU.ActiveCfg = Release|Any CPU
		{C11351DD-23D9-4C43-8770-EED0FC2B07F2}.Release|Any CPU.Build.0 = Release|Any CPU
	EndGlobalSection
	GlobalSection(SolutionProperties) = preSolution
		HideSolutionNode = FALSE
	EndGlobalSection
	GlobalSection(ExtensibilityGlobals) = postSolution
		SolutionGuid = {FDEFB179-0ED4-4276-8787-3D1B8A241FD1}
	EndGlobalSection
EndGlobal
